// !$*UTF8*$!
{
	archiveVersion = 1;
	classes = {
	};
	objectVersion = 48;
	objects = {

/* Begin PBXBuildFile section */
		8538E2761FC0F2CC004E6AB7 /* AppDelegate.swift in Sources */ = {isa = PBXBuildFile; fileRef = 8538E2751FC0F2CC004E6AB7 /* AppDelegate.swift */; };
		8538E2781FC0F2CC004E6AB7 /* ChronocorViewController.swift in Sources */ = {isa = PBXBuildFile; fileRef = 8538E2771FC0F2CC004E6AB7 /* ChronocorViewController.swift */; };
		8538E27B1FC0F2CC004E6AB7 /* Main.storyboard in Resources */ = {isa = PBXBuildFile; fileRef = 8538E2791FC0F2CC004E6AB7 /* Main.storyboard */; };
		8538E27D1FC0F2CC004E6AB7 /* Assets.xcassets in Resources */ = {isa = PBXBuildFile; fileRef = 8538E27C1FC0F2CC004E6AB7 /* Assets.xcassets */; };
		8538E2801FC0F2CC004E6AB7 /* LaunchScreen.storyboard in Resources */ = {isa = PBXBuildFile; fileRef = 8538E27E1FC0F2CC004E6AB7 /* LaunchScreen.storyboard */; };
		8538E28B1FC0F2CC004E6AB7 /* ChronocorTests.swift in Sources */ = {isa = PBXBuildFile; fileRef = 8538E28A1FC0F2CC004E6AB7 /* ChronocorTests.swift */; };
		8538E2961FC0F2CC004E6AB7 /* ChronocorUITests.swift in Sources */ = {isa = PBXBuildFile; fileRef = 8538E2951FC0F2CC004E6AB7 /* ChronocorUITests.swift */; };
		85B5B3CC1FC13128002E1216 /* RegistroTrabalho.swift in Sources */ = {isa = PBXBuildFile; fileRef = 85B5B3CB1FC13128002E1216 /* RegistroTrabalho.swift */; };
		85B5B3CE1FC140F9002E1216 /* ChronocorTableViewController.swift in Sources */ = {isa = PBXBuildFile; fileRef = 85B5B3CD1FC140F9002E1216 /* ChronocorTableViewController.swift */; };
		85F75C9F1FC12BE700A449DB /* ChronocorTableViewCell.swift in Sources */ = {isa = PBXBuildFile; fileRef = 85F75C9E1FC12BE700A449DB /* ChronocorTableViewCell.swift */; };
/* End PBXBuildFile section */

/* Begin PBXContainerItemProxy section */
		8538E2871FC0F2CC004E6AB7 /* PBXContainerItemProxy */ = {
			isa = PBXContainerItemProxy;
			containerPortal = 8538E26A1FC0F2CC004E6AB7 /* Project object */;
			proxyType = 1;
			remoteGlobalIDString = 8538E2711FC0F2CC004E6AB7;
			remoteInfo = Chronocor;
		};
		8538E2921FC0F2CC004E6AB7 /* PBXContainerItemProxy */ = {
			isa = PBXContainerItemProxy;
			containerPortal = 8538E26A1FC0F2CC004E6AB7 /* Project object */;
			proxyType = 1;
			remoteGlobalIDString = 8538E2711FC0F2CC004E6AB7;
			remoteInfo = Chronocor;
		};
/* End PBXContainerItemProxy section */

/* Begin PBXFileReference section */
		8538E2721FC0F2CC004E6AB7 /* Chronocor.app */ = {isa = PBXFileReference; explicitFileType = wrapper.application; includeInIndex = 0; path = Chronocor.app; sourceTree = BUILT_PRODUCTS_DIR; };
		8538E2751FC0F2CC004E6AB7 /* AppDelegate.swift */ = {isa = PBXFileReference; lastKnownFileType = sourcecode.swift; path = AppDelegate.swift; sourceTree = "<group>"; };
		8538E2771FC0F2CC004E6AB7 /* ChronocorViewController.swift */ = {isa = PBXFileReference; lastKnownFileType = sourcecode.swift; path = ChronocorViewController.swift; sourceTree = "<group>"; };
		8538E27A1FC0F2CC004E6AB7 /* Base */ = {isa = PBXFileReference; lastKnownFileType = file.storyboard; name = Base; path = Base.lproj/Main.storyboard; sourceTree = "<group>"; };
		8538E27C1FC0F2CC004E6AB7 /* Assets.xcassets */ = {isa = PBXFileReference; lastKnownFileType = folder.assetcatalog; path = Assets.xcassets; sourceTree = "<group>"; };
		8538E27F1FC0F2CC004E6AB7 /* Base */ = {isa = PBXFileReference; lastKnownFileType = file.storyboard; name = Base; path = Base.lproj/LaunchScreen.storyboard; sourceTree = "<group>"; };
		8538E2811FC0F2CC004E6AB7 /* Info.plist */ = {isa = PBXFileReference; lastKnownFileType = text.plist.xml; path = Info.plist; sourceTree = "<group>"; };
		8538E2861FC0F2CC004E6AB7 /* ChronocorTests.xctest */ = {isa = PBXFileReference; explicitFileType = wrapper.cfbundle; includeInIndex = 0; path = ChronocorTests.xctest; sourceTree = BUILT_PRODUCTS_DIR; };
		8538E28A1FC0F2CC004E6AB7 /* ChronocorTests.swift */ = {isa = PBXFileReference; lastKnownFileType = sourcecode.swift; path = ChronocorTests.swift; sourceTree = "<group>"; };
		8538E28C1FC0F2CC004E6AB7 /* Info.plist */ = {isa = PBXFileReference; lastKnownFileType = text.plist.xml; path = Info.plist; sourceTree = "<group>"; };
		8538E2911FC0F2CC004E6AB7 /* ChronocorUITests.xctest */ = {isa = PBXFileReference; explicitFileType = wrapper.cfbundle; includeInIndex = 0; path = ChronocorUITests.xctest; sourceTree = BUILT_PRODUCTS_DIR; };
		8538E2951FC0F2CC004E6AB7 /* ChronocorUITests.swift */ = {isa = PBXFileReference; lastKnownFileType = sourcecode.swift; path = ChronocorUITests.swift; sourceTree = "<group>"; };
		8538E2971FC0F2CC004E6AB7 /* Info.plist */ = {isa = PBXFileReference; lastKnownFileType = text.plist.xml; path = Info.plist; sourceTree = "<group>"; };
		85B5B3CB1FC13128002E1216 /* RegistroTrabalho.swift */ = {isa = PBXFileReference; lastKnownFileType = sourcecode.swift; path = RegistroTrabalho.swift; sourceTree = "<group>"; };
		85B5B3CD1FC140F9002E1216 /* ChronocorTableViewController.swift */ = {isa = PBXFileReference; lastKnownFileType = sourcecode.swift; path = ChronocorTableViewController.swift; sourceTree = "<group>"; };
		85F75C9E1FC12BE700A449DB /* ChronocorTableViewCell.swift */ = {isa = PBXFileReference; lastKnownFileType = sourcecode.swift; path = ChronocorTableViewCell.swift; sourceTree = "<group>"; };
/* End PBXFileReference section */

/* Begin PBXFrameworksBuildPhase section */
		8538E26F1FC0F2CC004E6AB7 /* Frameworks */ = {
			isa = PBXFrameworksBuildPhase;
			buildActionMask = 2147483647;
			files = (
			);
			runOnlyForDeploymentPostprocessing = 0;
		};
		8538E2831FC0F2CC004E6AB7 /* Frameworks */ = {
			isa = PBXFrameworksBuildPhase;
			buildActionMask = 2147483647;
			files = (
			);
			runOnlyForDeploymentPostprocessing = 0;
		};
		8538E28E1FC0F2CC004E6AB7 /* Frameworks */ = {
			isa = PBXFrameworksBuildPhase;
			buildActionMask = 2147483647;
			files = (
			);
			runOnlyForDeploymentPostprocessing = 0;
		};
/* End PBXFrameworksBuildPhase section */

/* Begin PBXGroup section */
		8538E2691FC0F2CC004E6AB7 = {
			isa = PBXGroup;
			children = (
				8538E2741FC0F2CC004E6AB7 /* Chronocor */,
				8538E2891FC0F2CC004E6AB7 /* ChronocorTests */,
				8538E2941FC0F2CC004E6AB7 /* ChronocorUITests */,
				8538E2731FC0F2CC004E6AB7 /* Products */,
			);
			sourceTree = "<group>";
		};
		8538E2731FC0F2CC004E6AB7 /* Products */ = {
			isa = PBXGroup;
			children = (
				8538E2721FC0F2CC004E6AB7 /* Chronocor.app */,
				8538E2861FC0F2CC004E6AB7 /* ChronocorTests.xctest */,
				8538E2911FC0F2CC004E6AB7 /* ChronocorUITests.xctest */,
			);
			name = Products;
			sourceTree = "<group>";
		};
		8538E2741FC0F2CC004E6AB7 /* Chronocor */ = {
			isa = PBXGroup;
			children = (
				85B5B3CD1FC140F9002E1216 /* ChronocorTableViewController.swift */,
				8538E2751FC0F2CC004E6AB7 /* AppDelegate.swift */,
				8538E2771FC0F2CC004E6AB7 /* ChronocorViewController.swift */,
				8538E2791FC0F2CC004E6AB7 /* Main.storyboard */,
				85B5B3CB1FC13128002E1216 /* RegistroTrabalho.swift */,
				8538E27C1FC0F2CC004E6AB7 /* Assets.xcassets */,
				8538E27E1FC0F2CC004E6AB7 /* LaunchScreen.storyboard */,
				8538E2811FC0F2CC004E6AB7 /* Info.plist */,
				85F75C9E1FC12BE700A449DB /* ChronocorTableViewCell.swift */,
			);
			path = Chronocor;
			sourceTree = "<group>";
		};
		8538E2891FC0F2CC004E6AB7 /* ChronocorTests */ = {
			isa = PBXGroup;
			children = (
				8538E28A1FC0F2CC004E6AB7 /* ChronocorTests.swift */,
				8538E28C1FC0F2CC004E6AB7 /* Info.plist */,
			);
			path = ChronocorTests;
			sourceTree = "<group>";
		};
		8538E2941FC0F2CC004E6AB7 /* ChronocorUITests */ = {
			isa = PBXGroup;
			children = (
				8538E2951FC0F2CC004E6AB7 /* ChronocorUITests.swift */,
				8538E2971FC0F2CC004E6AB7 /* Info.plist */,
			);
			path = ChronocorUITests;
			sourceTree = "<group>";
		};
/* End PBXGroup section */

/* Begin PBXNativeTarget section */
		8538E2711FC0F2CC004E6AB7 /* Chronocor */ = {
			isa = PBXNativeTarget;
			buildConfigurationList = 8538E29A1FC0F2CC004E6AB7 /* Build configuration list for PBXNativeTarget "Chronocor" */;
			buildPhases = (
				8538E26E1FC0F2CC004E6AB7 /* Sources */,
				8538E26F1FC0F2CC004E6AB7 /* Frameworks */,
				8538E2701FC0F2CC004E6AB7 /* Resources */,
			);
			buildRules = (
			);
			dependencies = (
			);
			name = Chronocor;
			productName = Chronocor;
			productReference = 8538E2721FC0F2CC004E6AB7 /* Chronocor.app */;
			productType = "com.apple.product-type.application";
		};
		8538E2851FC0F2CC004E6AB7 /* ChronocorTests */ = {
			isa = PBXNativeTarget;
			buildConfigurationList = 8538E29D1FC0F2CC004E6AB7 /* Build configuration list for PBXNativeTarget "ChronocorTests" */;
			buildPhases = (
				8538E2821FC0F2CC004E6AB7 /* Sources */,
				8538E2831FC0F2CC004E6AB7 /* Frameworks */,
				8538E2841FC0F2CC004E6AB7 /* Resources */,
			);
			buildRules = (
			);
			dependencies = (
				8538E2881FC0F2CC004E6AB7 /* PBXTargetDependency */,
			);
			name = ChronocorTests;
			productName = ChronocorTests;
			productReference = 8538E2861FC0F2CC004E6AB7 /* ChronocorTests.xctest */;
			productType = "com.apple.product-type.bundle.unit-test";
		};
		8538E2901FC0F2CC004E6AB7 /* ChronocorUITests */ = {
			isa = PBXNativeTarget;
			buildConfigurationList = 8538E2A01FC0F2CC004E6AB7 /* Build configuration list for PBXNativeTarget "ChronocorUITests" */;
			buildPhases = (
				8538E28D1FC0F2CC004E6AB7 /* Sources */,
				8538E28E1FC0F2CC004E6AB7 /* Frameworks */,
				8538E28F1FC0F2CC004E6AB7 /* Resources */,
			);
			buildRules = (
			);
			dependencies = (
				8538E2931FC0F2CC004E6AB7 /* PBXTargetDependency */,
			);
			name = ChronocorUITests;
			productName = ChronocorUITests;
			productReference = 8538E2911FC0F2CC004E6AB7 /* ChronocorUITests.xctest */;
			productType = "com.apple.product-type.bundle.ui-testing";
		};
/* End PBXNativeTarget section */

/* Begin PBXProject section */
		8538E26A1FC0F2CC004E6AB7 /* Project object */ = {
			isa = PBXProject;
			attributes = {
				LastSwiftUpdateCheck = 0910;
				LastUpgradeCheck = 0910;
				ORGANIZATIONNAME = "Vinicius Martins Ferraz";
				TargetAttributes = {
					8538E2711FC0F2CC004E6AB7 = {
						CreatedOnToolsVersion = 9.1;
						ProvisioningStyle = Automatic;
					};
					8538E2851FC0F2CC004E6AB7 = {
						CreatedOnToolsVersion = 9.1;
						ProvisioningStyle = Automatic;
						TestTargetID = 8538E2711FC0F2CC004E6AB7;
					};
					8538E2901FC0F2CC004E6AB7 = {
						CreatedOnToolsVersion = 9.1;
						ProvisioningStyle = Automatic;
						TestTargetID = 8538E2711FC0F2CC004E6AB7;
					};
				};
			};
			buildConfigurationList = 8538E26D1FC0F2CC004E6AB7 /* Build configuration list for PBXProject "Chronocor" */;
			compatibilityVersion = "Xcode 8.0";
			developmentRegion = en;
			hasScannedForEncodings = 0;
			knownRegions = (
				en,
				Base,
			);
			mainGroup = 8538E2691FC0F2CC004E6AB7;
			productRefGroup = 8538E2731FC0F2CC004E6AB7 /* Products */;
			projectDirPath = "";
			projectRoot = "";
			targets = (
				8538E2711FC0F2CC004E6AB7 /* Chronocor */,
				8538E2851FC0F2CC004E6AB7 /* ChronocorTests */,
				8538E2901FC0F2CC004E6AB7 /* ChronocorUITests */,
			);
		};
/* End PBXProject section */

/* Begin PBXResourcesBuildPhase section */
		8538E2701FC0F2CC004E6AB7 /* Resources */ = {
			isa = PBXResourcesBuildPhase;
			buildActionMask = 2147483647;
			files = (
				8538E2801FC0F2CC004E6AB7 /* LaunchScreen.storyboard in Resources */,
				8538E27D1FC0F2CC004E6AB7 /* Assets.xcassets in Resources */,
				8538E27B1FC0F2CC004E6AB7 /* Main.storyboard in Resources */,
			);
			runOnlyForDeploymentPostprocessing = 0;
		};
		8538E2841FC0F2CC004E6AB7 /* Resources */ = {
			isa = PBXResourcesBuildPhase;
			buildActionMask = 2147483647;
			files = (
			);
			runOnlyForDeploymentPostprocessing = 0;
		};
		8538E28F1FC0F2CC004E6AB7 /* Resources */ = {
			isa = PBXResourcesBuildPhase;
			buildActionMask = 2147483647;
			files = (
			);
			runOnlyForDeploymentPostprocessing = 0;
		};
/* End PBXResourcesBuildPhase section */

/* Begin PBXSourcesBuildPhase section */
		8538E26E1FC0F2CC004E6AB7 /* Sources */ = {
			isa = PBXSourcesBuildPhase;
			buildActionMask = 2147483647;
			files = (
				8538E2781FC0F2CC004E6AB7 /* ChronocorViewController.swift in Sources */,
				85F75C9F1FC12BE700A449DB /* ChronocorTableViewCell.swift in Sources */,
				85B5B3CE1FC140F9002E1216 /* ChronocorTableViewController.swift in Sources */,
				8538E2761FC0F2CC004E6AB7 /* AppDelegate.swift in Sources */,
				85B5B3CC1FC13128002E1216 /* RegistroTrabalho.swift in Sources */,
			);
			runOnlyForDeploymentPostprocessing = 0;
		};
		8538E2821FC0F2CC004E6AB7 /* Sources */ = {
			isa = PBXSourcesBuildPhase;
			buildActionMask = 2147483647;
			files = (
				8538E28B1FC0F2CC004E6AB7 /* ChronocorTests.swift in Sources */,
			);
			runOnlyForDeploymentPostprocessing = 0;
		};
		8538E28D1FC0F2CC004E6AB7 /* Sources */ = {
			isa = PBXSourcesBuildPhase;
			buildActionMask = 2147483647;
			files = (
				8538E2961FC0F2CC004E6AB7 /* ChronocorUITests.swift in Sources */,
			);
			runOnlyForDeploymentPostprocessing = 0;
		};
/* End PBXSourcesBuildPhase section */

/* Begin PBXTargetDependency section */
		8538E2881FC0F2CC004E6AB7 /* PBXTargetDependency */ = {
			isa = PBXTargetDependency;
			target = 8538E2711FC0F2CC004E6AB7 /* Chronocor */;
			targetProxy = 8538E2871FC0F2CC004E6AB7 /* PBXContainerItemProxy */;
		};
		8538E2931FC0F2CC004E6AB7 /* PBXTargetDependency */ = {
			isa = PBXTargetDependency;
			target = 8538E2711FC0F2CC004E6AB7 /* Chronocor */;
			targetProxy = 8538E2921FC0F2CC004E6AB7 /* PBXContainerItemProxy */;
		};
/* End PBXTargetDependency section */

/* Begin PBXVariantGroup section */
		8538E2791FC0F2CC004E6AB7 /* Main.storyboard */ = {
			isa = PBXVariantGroup;
			children = (
				8538E27A1FC0F2CC004E6AB7 /* Base */,
			);
			name = Main.storyboard;
			sourceTree = "<group>";
		};
		8538E27E1FC0F2CC004E6AB7 /* LaunchScreen.storyboard */ = {
			isa = PBXVariantGroup;
			children = (
				8538E27F1FC0F2CC004E6AB7 /* Base */,
			);
			name = LaunchScreen.storyboard;
			sourceTree = "<group>";
		};
/* End PBXVariantGroup section */

/* Begin XCBuildConfiguration section */
		8538E2981FC0F2CC004E6AB7 /* Debug */ = {
			isa = XCBuildConfiguration;
			buildSettings = {
				ALWAYS_SEARCH_USER_PATHS = NO;
				CLANG_ANALYZER_NONNULL = YES;
				CLANG_ANALYZER_NUMBER_OBJECT_CONVERSION = YES_AGGRESSIVE;
				CLANG_CXX_LANGUAGE_STANDARD = "gnu++14";
				CLANG_CXX_LIBRARY = "libc++";
				CLANG_ENABLE_MODULES = YES;
				CLANG_ENABLE_OBJC_ARC = YES;
				CLANG_WARN_BLOCK_CAPTURE_AUTORELEASING = YES;
				CLANG_WARN_BOOL_CONVERSION = YES;
				CLANG_WARN_COMMA = YES;
				CLANG_WARN_CONSTANT_CONVERSION = YES;
				CLANG_WARN_DIRECT_OBJC_ISA_USAGE = YES_ERROR;
				CLANG_WARN_DOCUMENTATION_COMMENTS = YES;
				CLANG_WARN_EMPTY_BODY = YES;
				CLANG_WARN_ENUM_CONVERSION = YES;
				CLANG_WARN_INFINITE_RECURSION = YES;
				CLANG_WARN_INT_CONVERSION = YES;
				CLANG_WARN_NON_LITERAL_NULL_CONVERSION = YES;
				CLANG_WARN_OBJC_LITERAL_CONVERSION = YES;
				CLANG_WARN_OBJC_ROOT_CLASS = YES_ERROR;
				CLANG_WARN_RANGE_LOOP_ANALYSIS = YES;
				CLANG_WARN_STRICT_PROTOTYPES = YES;
				CLANG_WARN_SUSPICIOUS_MOVE = YES;
				CLANG_WARN_UNGUARDED_AVAILABILITY = YES_AGGRESSIVE;
				CLANG_WARN_UNREACHABLE_CODE = YES;
				CLANG_WARN__DUPLICATE_METHOD_MATCH = YES;
				CODE_SIGN_IDENTITY = "iPhone Developer";
				COPY_PHASE_STRIP = NO;
				DEBUG_INFORMATION_FORMAT = dwarf;
				ENABLE_STRICT_OBJC_MSGSEND = YES;
				ENABLE_TESTABILITY = YES;
				GCC_C_LANGUAGE_STANDARD = gnu11;
				GCC_DYNAMIC_NO_PIC = NO;
				GCC_NO_COMMON_BLOCKS = YES;
				GCC_OPTIMIZATION_LEVEL = 0;
				GCC_PREPROCESSOR_DEFINITIONS = (
					"DEBUG=1",
					"$(inherited)",
				);
				GCC_WARN_64_TO_32_BIT_CONVERSION = YES;
				GCC_WARN_ABOUT_RETURN_TYPE = YES_ERROR;
				GCC_WARN_UNDECLARED_SELECTOR = YES;
				GCC_WARN_UNINITIALIZED_AUTOS = YES_AGGRESSIVE;
				GCC_WARN_UNUSED_FUNCTION = YES;
				GCC_WARN_UNUSED_VARIABLE = YES;
				IPHONEOS_DEPLOYMENT_TARGET = 11.1;
				MTL_ENABLE_DEBUG_INFO = YES;
				ONLY_ACTIVE_ARCH = YES;
				SDKROOT = iphoneos;
				SWIFT_ACTIVE_COMPILATION_CONDITIONS = DEBUG;
				SWIFT_OPTIMIZATION_LEVEL = "-Onone";
			};
			name = Debug;
		};
		8538E2991FC0F2CC004E6AB7 /* Release */ = {
			isa = XCBuildConfiguration;
			buildSettings = {
				ALWAYS_SEARCH_USER_PATHS = NO;
				CLANG_ANALYZER_NONNULL = YES;
				CLANG_ANALYZER_NUMBER_OBJECT_CONVERSION = YES_AGGRESSIVE;
				CLANG_CXX_LANGUAGE_STANDARD = "gnu++14";
				CLANG_CXX_LIBRARY = "libc++";
				CLANG_ENABLE_MODULES = YES;
				CLANG_ENABLE_OBJC_ARC = YES;
				CLANG_WARN_BLOCK_CAPTURE_AUTORELEASING = YES;
				CLANG_WARN_BOOL_CONVERSION = YES;
				CLANG_WARN_COMMA = YES;
				CLANG_WARN_CONSTANT_CONVERSION = YES;
				CLANG_WARN_DIRECT_OBJC_ISA_USAGE = YES_ERROR;
				CLANG_WARN_DOCUMENTATION_COMMENTS = YES;
				CLANG_WARN_EMPTY_BODY = YES;
				CLANG_WARN_ENUM_CONVERSION = YES;
				CLANG_WARN_INFINITE_RECURSION = YES;
				CLANG_WARN_INT_CONVERSION = YES;
				CLANG_WARN_NON_LITERAL_NULL_CONVERSION = YES;
				CLANG_WARN_OBJC_LITERAL_CONVERSION = YES;
				CLANG_WARN_OBJC_ROOT_CLASS = YES_ERROR;
				CLANG_WARN_RANGE_LOOP_ANALYSIS = YES;
				CLANG_WARN_STRICT_PROTOTYPES = YES;
				CLANG_WARN_SUSPICIOUS_MOVE = YES;
				CLANG_WARN_UNGUARDED_AVAILABILITY = YES_AGGRESSIVE;
				CLANG_WARN_UNREACHABLE_CODE = YES;
				CLANG_WARN__DUPLICATE_METHOD_MATCH = YES;
				CODE_SIGN_IDENTITY = "iPhone Developer";
				COPY_PHASE_STRIP = NO;
				DEBUG_INFORMATION_FORMAT = "dwarf-with-dsym";
				ENABLE_NS_ASSERTIONS = NO;
				ENABLE_STRICT_OBJC_MSGSEND = YES;
				GCC_C_LANGUAGE_STANDARD = gnu11;
				GCC_NO_COMMON_BLOCKS = YES;
				GCC_WARN_64_TO_32_BIT_CONVERSION = YES;
				GCC_WARN_ABOUT_RETURN_TYPE = YES_ERROR;
				GCC_WARN_UNDECLARED_SELECTOR = YES;
				GCC_WARN_UNINITIALIZED_AUTOS = YES_AGGRESSIVE;
				GCC_WARN_UNUSED_FUNCTION = YES;
				GCC_WARN_UNUSED_VARIABLE = YES;
				IPHONEOS_DEPLOYMENT_TARGET = 11.1;
				MTL_ENABLE_DEBUG_INFO = NO;
				SDKROOT = iphoneos;
				SWIFT_OPTIMIZATION_LEVEL = "-Owholemodule";
				VALIDATE_PRODUCT = YES;
			};
			name = Release;
		};
		8538E29B1FC0F2CC004E6AB7 /* Debug */ = {
			isa = XCBuildConfiguration;
			buildSettings = {
				ASSETCATALOG_COMPILER_APPICON_NAME = AppIcon;
				CODE_SIGN_STYLE = Automatic;
				DEVELOPMENT_TEAM = U8FP9C74BV;
				INFOPLIST_FILE = Chronocor/Info.plist;
				LD_RUNPATH_SEARCH_PATHS = "$(inherited) @executable_path/Frameworks";
				PRODUCT_BUNDLE_IDENTIFIER = com.vmfvmf.Chronocor;
				PRODUCT_NAME = "$(TARGET_NAME)";
				SWIFT_VERSION = 4.0;
				TARGETED_DEVICE_FAMILY = "1,2";
			};
			name = Debug;
		};
		8538E29C1FC0F2CC004E6AB7 /* Release */ = {
			isa = XCBuildConfiguration;
			buildSettings = {
				ASSETCATALOG_COMPILER_APPICON_NAME = AppIcon;
				CODE_SIGN_STYLE = Automatic;
				DEVELOPMENT_TEAM = U8FP9C74BV;
				INFOPLIST_FILE = Chronocor/Info.plist;
				LD_RUNPATH_SEARCH_PATHS = "$(inherited) @executable_path/Frameworks";
				PRODUCT_BUNDLE_IDENTIFIER = com.vmfvmf.Chronocor;
				PRODUCT_NAME = "$(TARGET_NAME)";
				SWIFT_VERSION = 4.0;
				TARGETED_DEVICE_FAMILY = "1,2";
			};
			name = Release;
		};
		8538E29E1FC0F2CC004E6AB7 /* Debug */ = {
			isa = XCBuildConfiguration;
			buildSettings = {
				ALWAYS_EMBED_SWIFT_STANDARD_LIBRARIES = YES;
				BUNDLE_LOADER = "$(TEST_HOST)";
				CODE_SIGN_STYLE = Automatic;
				DEVELOPMENT_TEAM = U8FP9C74BV;
				INFOPLIST_FILE = ChronocorTests/Info.plist;
				LD_RUNPATH_SEARCH_PATHS = "$(inherited) @executable_path/Frameworks @loader_path/Frameworks";
				PRODUCT_BUNDLE_IDENTIFIER = com.vmfvmf.ChronocorTests;
				PRODUCT_NAME = "$(TARGET_NAME)";
				SWIFT_VERSION = 4.0;
				TARGETED_DEVICE_FAMILY = "1,2";
				TEST_HOST = "$(BUILT_PRODUCTS_DIR)/Chronocor.app/Chronocor";
			};
			name = Debug;
		};
		8538E29F1FC0F2CC004E6AB7 /* Release */ = {
			isa = XCBuildConfiguration;
			buildSettings = {
				ALWAYS_EMBED_SWIFT_STANDARD_LIBRARIES = YES;
				BUNDLE_LOADER = "$(TEST_HOST)";
				CODE_SIGN_STYLE = Automatic;
				DEVELOPMENT_TEAM = U8FP9C74BV;
				INFOPLIST_FILE = ChronocorTests/Info.plist;
				LD_RUNPATH_SEARCH_PATHS = "$(inherited) @executable_path/Frameworks @loader_path/Frameworks";
				PRODUCT_BUNDLE_IDENTIFIER = com.vmfvmf.ChronocorTests;
				PRODUCT_NAME = "$(TARGET_NAME)";
				SWIFT_VERSION = 4.0;
				TARGETED_DEVICE_FAMILY = "1,2";
				TEST_HOST = "$(BUILT_PRODUCTS_DIR)/Chronocor.app/Chronocor";
			};
			name = Release;
		};
		8538E2A11FC0F2CC004E6AB7 /* Debug */ = {
			isa = XCBuildConfiguration;
			buildSettings = {
				ALWAYS_EMBED_SWIFT_STANDARD_LIBRARIES = YES;
				CODE_SIGN_STYLE = Automatic;
				DEVELOPMENT_TEAM = U8FP9C74BV;
				INFOPLIST_FILE = ChronocorUITests/Info.plist;
				LD_RUNPATH_SEARCH_PATHS = "$(inherited) @executable_path/Frameworks @loader_path/Frameworks";
				PRODUCT_BUNDLE_IDENTIFIER = com.vmfvmf.ChronocorUITests;
				PRODUCT_NAME = "$(TARGET_NAME)";
				SWIFT_VERSION = 4.0;
				TARGETED_DEVICE_FAMILY = "1,2";
				TEST_TARGET_NAME = Chronocor;
			};
			name = Debug;
		};
		8538E2A21FC0F2CC004E6AB7 /* Release */ = {
			isa = XCBuildConfiguration;
			buildSettings = {
				ALWAYS_EMBED_SWIFT_STANDARD_LIBRARIES = YES;
				CODE_SIGN_STYLE = Automatic;
				DEVELOPMENT_TEAM = U8FP9C74BV;
				INFOPLIST_FILE = ChronocorUITests/Info.plist;
				LD_RUNPATH_SEARCH_PATHS = "$(inherited) @executable_path/Frameworks @loader_path/Frameworks";
				PRODUCT_BUNDLE_IDENTIFIER = com.vmfvmf.ChronocorUITests;
				PRODUCT_NAME = "$(TARGET_NAME)";
				SWIFT_VERSION = 4.0;
				TARGETED_DEVICE_FAMILY = "1,2";
				TEST_TARGET_NAME = Chronocor;
			};
			name = Release;
		};
/* End XCBuildConfiguration section */

/* Begin XCConfigurationList section */
		8538E26D1FC0F2CC004E6AB7 /* Build configuration list for PBXProject "Chronocor" */ = {
			isa = XCConfigurationList;
			buildConfigurations = (
				8538E2981FC0F2CC004E6AB7 /* Debug */,
				8538E2991FC0F2CC004E6AB7 /* Release */,
			);
			defaultConfigurationIsVisible = 0;
			defaultConfigurationName = Release;
		};
		8538E29A1FC0F2CC004E6AB7 /* Build configuration list for PBXNativeTarget "Chronocor" */ = {
			isa = XCConfigurationList;
			buildConfigurations = (
				8538E29B1FC0F2CC004E6AB7 /* Debug */,
				8538E29C1FC0F2CC004E6AB7 /* Release */,
			);
			defaultConfigurationIsVisible = 0;
			defaultConfigurationName = Release;
		};
		8538E29D1FC0F2CC004E6AB7 /* Build configuration list for PBXNativeTarget "ChronocorTests" */ = {
			isa = XCConfigurationList;
			buildConfigurations = (
				8538E29E1FC0F2CC004E6AB7 /* Debug */,
				8538E29F1FC0F2CC004E6AB7 /* Release */,
			);
			defaultConfigurationIsVisible = 0;
			defaultConfigurationName = Release;
		};
		8538E2A01FC0F2CC004E6AB7 /* Build configuration list for PBXNativeTarget "ChronocorUITests" */ = {
			isa = XCConfigurationList;
			buildConfigurations = (
				8538E2A11FC0F2CC004E6AB7 /* Debug */,
				8538E2A21FC0F2CC004E6AB7 /* Release */,
			);
			defaultConfigurationIsVisible = 0;
			defaultConfigurationName = Release;
		};
/* End XCConfigurationList section */
	};
	rootObject = 8538E26A1FC0F2CC004E6AB7 /* Project object */;
}
